
Microsoft Visual Studio Solution File, Format Version 12.00
# Visual Studio 14
VisualStudioVersion = 14.0.25420.1
MinimumVisualStudioVersion = 10.0.40219.1
Project("{2150E333-8FDC-42A3-9474-1A3956D46DE8}") = "src", "src", "{B3164FE2-226A-4D32-B01B-6AFA7C65879B}"
EndProject
Project("{2150E333-8FDC-42A3-9474-1A3956D46DE8}") = "Solution Items", "Solution Items", "{96AB4503-BBB7-4388-B999-178EF96C9BD3}"
	ProjectSection(SolutionItems) = preProject
		global.json = global.json
	EndProjectSection
EndProject
Project("{8BB2217D-0F2D-49D1-97BC-3654ED321F3B}") = "Spa.StarterKit.React", "src\Spa.StarterKit.React\Spa.StarterKit.React.xproj", "{C267DAA3-E565-44EC-BAA1-D0BF23A5FE20}"
EndProject
Global
	GlobalSection(SolutionConfigurationPlatforms) = preSolution
		Debug|Any CPU = Debug|Any CPU
		Release|Any CPU = Release|Any CPU
	EndGlobalSection
	GlobalSection(ProjectConfigurationPlatforms) = postSolution
		{C267DAA3-E565-44EC-BAA1-D0BF23A5FE20}.Debug|Any CPU.ActiveCfg = Debug|Any CPU
		{C267DAA3-E565-44EC-BAA1-D0BF23A5FE20}.Debug|Any CPU.Build.0 = Debug|Any CPU
		{C267DAA3-E565-44EC-BAA1-D0BF23A5FE20}.Release|Any CPU.ActiveCfg = Release|Any CPU
		{C267DAA3-E565-44EC-BAA1-D0BF23A5FE20}.Release|Any CPU.Build.0 = Release|Any CPU
	EndGlobalSection
	GlobalSection(SolutionProperties) = preSolution
		HideSolutionNode = FALSE
	EndGlobalSection
	GlobalSection(NestedProjects) = preSolution
		{C267DAA3-E565-44EC-BAA1-D0BF23A5FE20} = {B3164FE2-226A-4D32-B01B-6AFA7C65879B}
	EndGlobalSection
EndGlobal
